
Microsoft Visual Studio Solution File, Format Version 12.00
# Visual Studio Version 17
VisualStudioVersion = 17.6.33801.468
MinimumVisualStudioVersion = 10.0.40219.1
Project("{FAE04EC0-301F-11D3-BF4B-00C04F79EFBC}") = "WordPress_Post", "WordPress_Post.csproj", "{D6BED20F-D455-4A0C-BBDF-D50006B653E6}"
EndProject
Global
	GlobalSection(SolutionConfigurationPlatforms) = preSolution
		Debug|Any CPU = Debug|Any CPU
		Release|Any CPU = Release|Any CPU
	EndGlobalSection
	GlobalSection(ProjectConfigurationPlatforms) = postSolution
		{D6BED20F-D455-4A0C-BBDF-D50006B653E6}.Debug|Any CPU.ActiveCfg = Debug|Any CPU
		{D6BED20F-D455-4A0C-BBDF-D50006B653E6}.Debug|Any CPU.Build.0 = Debug|Any CPU
		{D6BED20F-D455-4A0C-BBDF-D50006B653E6}.Release|Any CPU.ActiveCfg = Release|Any CPU
		{D6BED20F-D455-4A0C-BBDF-D50006B653E6}.Release|Any CPU.Build.0 = Release|Any CPU
	EndGlobalSection
	GlobalSection(SolutionProperties) = preSolution
		HideSolutionNode = FALSE
	EndGlobalSection
	GlobalSection(ExtensibilityGlobals) = postSolution
		SolutionGuid = {E6B63C55-33E5-431D-90FD-0102E1749E8B}
	EndGlobalSection
EndGlobal
